// !$*UTF8*$!
{
	archiveVersion = 1;
	classes = {
	};
	objectVersion = 56;
	objects = {

/* Begin PBXBuildFile section */
		487B7F8429B351B5000CEADA /* AppDelegate.swift in Sources */ = {isa = PBXBuildFile; fileRef = 487B7F8329B351B5000CEADA /* AppDelegate.swift */; };
		487B7F8629B351B5000CEADA /* SceneDelegate.swift in Sources */ = {isa = PBXBuildFile; fileRef = 487B7F8529B351B5000CEADA /* SceneDelegate.swift */; };
		487B7F8B29B351B5000CEADA /* Main.storyboard in Resources */ = {isa = PBXBuildFile; fileRef = 487B7F8929B351B5000CEADA /* Main.storyboard */; };
		487B7F8D29B351B7000CEADA /* Assets.xcassets in Resources */ = {isa = PBXBuildFile; fileRef = 487B7F8C29B351B7000CEADA /* Assets.xcassets */; };
		487B7F9029B351B7000CEADA /* LaunchScreen.storyboard in Resources */ = {isa = PBXBuildFile; fileRef = 487B7F8E29B351B7000CEADA /* LaunchScreen.storyboard */; };
		487B7F9929B35206000CEADA /* OnboardingViewController.swift in Sources */ = {isa = PBXBuildFile; fileRef = 487B7F9829B35206000CEADA /* OnboardingViewController.swift */; };
		487B7F9C29B352C9000CEADA /* OnboardingCollectionViewCell.swift in Sources */ = {isa = PBXBuildFile; fileRef = 487B7F9B29B352C9000CEADA /* OnboardingCollectionViewCell.swift */; };
		487B7F9F29B352DF000CEADA /* NibLoadable.swift in Sources */ = {isa = PBXBuildFile; fileRef = 487B7F9E29B352DF000CEADA /* NibLoadable.swift */; };
/* End PBXBuildFile section */

/* Begin PBXFileReference section */
		487B7F8029B351B5000CEADA /* OnboardingScreenApp.app */ = {isa = PBXFileReference; explicitFileType = wrapper.application; includeInIndex = 0; path = OnboardingScreenApp.app; sourceTree = BUILT_PRODUCTS_DIR; };
		487B7F8329B351B5000CEADA /* AppDelegate.swift */ = {isa = PBXFileReference; lastKnownFileType = sourcecode.swift; path = AppDelegate.swift; sourceTree = "<group>"; };
		487B7F8529B351B5000CEADA /* SceneDelegate.swift */ = {isa = PBXFileReference; lastKnownFileType = sourcecode.swift; path = SceneDelegate.swift; sourceTree = "<group>"; };
		487B7F8A29B351B5000CEADA /* Base */ = {isa = PBXFileReference; lastKnownFileType = file.storyboard; name = Base; path = Base.lproj/Main.storyboard; sourceTree = "<group>"; };
		487B7F8C29B351B7000CEADA /* Assets.xcassets */ = {isa = PBXFileReference; lastKnownFileType = folder.assetcatalog; path = Assets.xcassets; sourceTree = "<group>"; };
		487B7F8F29B351B7000CEADA /* Base */ = {isa = PBXFileReference; lastKnownFileType = file.storyboard; name = Base; path = Base.lproj/LaunchScreen.storyboard; sourceTree = "<group>"; };
		487B7F9129B351B7000CEADA /* Info.plist */ = {isa = PBXFileReference; lastKnownFileType = text.plist.xml; path = Info.plist; sourceTree = "<group>"; };
		487B7F9829B35206000CEADA /* OnboardingViewController.swift */ = {isa = PBXFileReference; lastKnownFileType = sourcecode.swift; path = OnboardingViewController.swift; sourceTree = "<group>"; };
		487B7F9B29B352C9000CEADA /* OnboardingCollectionViewCell.swift */ = {isa = PBXFileReference; lastKnownFileType = sourcecode.swift; path = OnboardingCollectionViewCell.swift; sourceTree = "<group>"; };
		487B7F9E29B352DF000CEADA /* NibLoadable.swift */ = {isa = PBXFileReference; lastKnownFileType = sourcecode.swift; path = NibLoadable.swift; sourceTree = "<group>"; };
/* End PBXFileReference section */

/* Begin PBXFrameworksBuildPhase section */
		487B7F7D29B351B5000CEADA /* Frameworks */ = {
			isa = PBXFrameworksBuildPhase;
			buildActionMask = 2147483647;
			files = (
			);
			runOnlyForDeploymentPostprocessing = 0;
		};
/* End PBXFrameworksBuildPhase section */

/* Begin PBXGroup section */
		487B7F7729B351B5000CEADA = {
			isa = PBXGroup;
			children = (
				487B7F8229B351B5000CEADA /* OnboardingScreenApp */,
				487B7F8129B351B5000CEADA /* Products */,
			);
			sourceTree = "<group>";
		};
		487B7F8129B351B5000CEADA /* Products */ = {
			isa = PBXGroup;
			children = (
				487B7F8029B351B5000CEADA /* OnboardingScreenApp.app */,
			);
			name = Products;
			sourceTree = "<group>";
		};
		487B7F8229B351B5000CEADA /* OnboardingScreenApp */ = {
			isa = PBXGroup;
			children = (
				487B7F9D29B352D2000CEADA /* Extensions */,
				487B7F9729B351F7000CEADA /* Onboarding */,
				487B7F8329B351B5000CEADA /* AppDelegate.swift */,
				487B7F8529B351B5000CEADA /* SceneDelegate.swift */,
				487B7F8929B351B5000CEADA /* Main.storyboard */,
				487B7F8C29B351B7000CEADA /* Assets.xcassets */,
				487B7F8E29B351B7000CEADA /* LaunchScreen.storyboard */,
				487B7F9129B351B7000CEADA /* Info.plist */,
			);
			path = OnboardingScreenApp;
			sourceTree = "<group>";
		};
		487B7F9729B351F7000CEADA /* Onboarding */ = {
			isa = PBXGroup;
			children = (
				487B7F9A29B352B1000CEADA /* Cell */,
				487B7F9829B35206000CEADA /* OnboardingViewController.swift */,
			);
			path = Onboarding;
			sourceTree = "<group>";
		};
		487B7F9A29B352B1000CEADA /* Cell */ = {
			isa = PBXGroup;
			children = (
				487B7F9B29B352C9000CEADA /* OnboardingCollectionViewCell.swift */,
			);
			path = Cell;
			sourceTree = "<group>";
		};
		487B7F9D29B352D2000CEADA /* Extensions */ = {
			isa = PBXGroup;
			children = (
				487B7F9E29B352DF000CEADA /* NibLoadable.swift */,
			);
			path = Extensions;
			sourceTree = "<group>";
		};
/* End PBXGroup section */

/* Begin PBXNativeTarget section */
		487B7F7F29B351B5000CEADA /* OnboardingScreenApp */ = {
			isa = PBXNativeTarget;
			buildConfigurationList = 487B7F9429B351B7000CEADA /* Build configuration list for PBXNativeTarget "OnboardingScreenApp" */;
			buildPhases = (
				487B7F7C29B351B5000CEADA /* Sources */,
				487B7F7D29B351B5000CEADA /* Frameworks */,
				487B7F7E29B351B5000CEADA /* Resources */,
			);
			buildRules = (
			);
			dependencies = (
			);
			name = OnboardingScreenApp;
			productName = OnboardingScreenApp;
			productReference = 487B7F8029B351B5000CEADA /* OnboardingScreenApp.app */;
			productType = "com.apple.product-type.application";
		};
/* End PBXNativeTarget section */

/* Begin PBXProject section */
		487B7F7829B351B5000CEADA /* Project object */ = {
			isa = PBXProject;
			attributes = {
				BuildIndependentTargetsInParallel = 1;
				LastSwiftUpdateCheck = 1400;
				LastUpgradeCheck = 1400;
				TargetAttributes = {
					487B7F7F29B351B5000CEADA = {
						CreatedOnToolsVersion = 14.0.1;
					};
				};
			};
			buildConfigurationList = 487B7F7B29B351B5000CEADA /* Build configuration list for PBXProject "OnboardingScreenApp" */;
			compatibilityVersion = "Xcode 14.0";
			developmentRegion = en;
			hasScannedForEncodings = 0;
			knownRegions = (
				en,
				Base,
			);
			mainGroup = 487B7F7729B351B5000CEADA;
			productRefGroup = 487B7F8129B351B5000CEADA /* Products */;
			projectDirPath = "";
			projectRoot = "";
			targets = (
				487B7F7F29B351B5000CEADA /* OnboardingScreenApp */,
			);
		};
/* End PBXProject section */

/* Begin PBXResourcesBuildPhase section */
		487B7F7E29B351B5000CEADA /* Resources */ = {
			isa = PBXResourcesBuildPhase;
			buildActionMask = 2147483647;
			files = (
				487B7F9029B351B7000CEADA /* LaunchScreen.storyboard in Resources */,
				487B7F8D29B351B7000CEADA /* Assets.xcassets in Resources */,
				487B7F8B29B351B5000CEADA /* Main.storyboard in Resources */,
			);
			runOnlyForDeploymentPostprocessing = 0;
		};
/* End PBXResourcesBuildPhase section */

/* Begin PBXSourcesBuildPhase section */
		487B7F7C29B351B5000CEADA /* Sources */ = {
			isa = PBXSourcesBuildPhase;
			buildActionMask = 2147483647;
			files = (
				487B7F8429B351B5000CEADA /* AppDelegate.swift in Sources */,
				487B7F9C29B352C9000CEADA /* OnboardingCollectionViewCell.swift in Sources */,
				487B7F9F29B352DF000CEADA /* NibLoadable.swift in Sources */,
				487B7F8629B351B5000CEADA /* SceneDelegate.swift in Sources */,
				487B7F9929B35206000CEADA /* OnboardingViewController.swift in Sources */,
			);
			runOnlyForDeploymentPostprocessing = 0;
		};
/* End PBXSourcesBuildPhase section */

/* Begin PBXVariantGroup section */
		487B7F8929B351B5000CEADA /* Main.storyboard */ = {
			isa = PBXVariantGroup;
			children = (
				487B7F8A29B351B5000CEADA /* Base */,
			);
			name = Main.storyboard;
			sourceTree = "<group>";
		};
		487B7F8E29B351B7000CEADA /* LaunchScreen.storyboard */ = {
			isa = PBXVariantGroup;
			children = (
				487B7F8F29B351B7000CEADA /* Base */,
			);
			name = LaunchScreen.storyboard;
			sourceTree = "<group>";
		};
/* End PBXVariantGroup section */

/* Begin XCBuildConfiguration section */
		487B7F9229B351B7000CEADA /* Debug */ = {
			isa = XCBuildConfiguration;
			buildSettings = {
				ALWAYS_SEARCH_USER_PATHS = NO;
				CLANG_ANALYZER_NONNULL = YES;
				CLANG_ANALYZER_NUMBER_OBJECT_CONVERSION = YES_AGGRESSIVE;
				CLANG_CXX_LANGUAGE_STANDARD = "gnu++20";
				CLANG_ENABLE_MODULES = YES;
				CLANG_ENABLE_OBJC_ARC = YES;
				CLANG_ENABLE_OBJC_WEAK = YES;
				CLANG_WARN_BLOCK_CAPTURE_AUTORELEASING = YES;
				CLANG_WARN_BOOL_CONVERSION = YES;
				CLANG_WARN_COMMA = YES;
				CLANG_WARN_CONSTANT_CONVERSION = YES;
				CLANG_WARN_DEPRECATED_OBJC_IMPLEMENTATIONS = YES;
				CLANG_WARN_DIRECT_OBJC_ISA_USAGE = YES_ERROR;
				CLANG_WARN_DOCUMENTATION_COMMENTS = YES;
				CLANG_WARN_EMPTY_BODY = YES;
				CLANG_WARN_ENUM_CONVERSION = YES;
				CLANG_WARN_INFINITE_RECURSION = YES;
				CLANG_WARN_INT_CONVERSION = YES;
				CLANG_WARN_NON_LITERAL_NULL_CONVERSION = YES;
				CLANG_WARN_OBJC_IMPLICIT_RETAIN_SELF = YES;
				CLANG_WARN_OBJC_LITERAL_CONVERSION = YES;
				CLANG_WARN_OBJC_ROOT_CLASS = YES_ERROR;
				CLANG_WARN_QUOTED_INCLUDE_IN_FRAMEWORK_HEADER = YES;
				CLANG_WARN_RANGE_LOOP_ANALYSIS = YES;
				CLANG_WARN_STRICT_PROTOTYPES = YES;
				CLANG_WARN_SUSPICIOUS_MOVE = YES;
				CLANG_WARN_UNGUARDED_AVAILABILITY = YES_AGGRESSIVE;
				CLANG_WARN_UNREACHABLE_CODE = YES;
				CLANG_WARN__DUPLICATE_METHOD_MATCH = YES;
				COPY_PHASE_STRIP = NO;
				DEBUG_INFORMATION_FORMAT = dwarf;
				ENABLE_STRICT_OBJC_MSGSEND = YES;
				ENABLE_TESTABILITY = YES;
				GCC_C_LANGUAGE_STANDARD = gnu11;
				GCC_DYNAMIC_NO_PIC = NO;
				GCC_NO_COMMON_BLOCKS = YES;
				GCC_OPTIMIZATION_LEVEL = 0;
				GCC_PREPROCESSOR_DEFINITIONS = (
					"DEBUG=1",
					"$(inherited)",
				);
				GCC_WARN_64_TO_32_BIT_CONVERSION = YES;
				GCC_WARN_ABOUT_RETURN_TYPE = YES_ERROR;
				GCC_WARN_UNDECLARED_SELECTOR = YES;
				GCC_WARN_UNINITIALIZED_AUTOS = YES_AGGRESSIVE;
				GCC_WARN_UNUSED_FUNCTION = YES;
				GCC_WARN_UNUSED_VARIABLE = YES;
				IPHONEOS_DEPLOYMENT_TARGET = 16.0;
				MTL_ENABLE_DEBUG_INFO = INCLUDE_SOURCE;
				MTL_FAST_MATH = YES;
				ONLY_ACTIVE_ARCH = YES;
				SDKROOT = iphoneos;
				SWIFT_ACTIVE_COMPILATION_CONDITIONS = DEBUG;
				SWIFT_OPTIMIZATION_LEVEL = "-Onone";
			};
			name = Debug;
		};
		487B7F9329B351B7000CEADA /* Release */ = {
			isa = XCBuildConfiguration;
			buildSettings = {
				ALWAYS_SEARCH_USER_PATHS = NO;
				CLANG_ANALYZER_NONNULL = YES;
				CLANG_ANALYZER_NUMBER_OBJECT_CONVERSION = YES_AGGRESSIVE;
				CLANG_CXX_LANGUAGE_STANDARD = "gnu++20";
				CLANG_ENABLE_MODULES = YES;
				CLANG_ENABLE_OBJC_ARC = YES;
				CLANG_ENABLE_OBJC_WEAK = YES;
				CLANG_WARN_BLOCK_CAPTURE_AUTORELEASING = YES;
				CLANG_WARN_BOOL_CONVERSION = YES;
				CLANG_WARN_COMMA = YES;
				CLANG_WARN_CONSTANT_CONVERSION = YES;
				CLANG_WARN_DEPRECATED_OBJC_IMPLEMENTATIONS = YES;
				CLANG_WARN_DIRECT_OBJC_ISA_USAGE = YES_ERROR;
				CLANG_WARN_DOCUMENTATION_COMMENTS = YES;
				CLANG_WARN_EMPTY_BODY = YES;
				CLANG_WARN_ENUM_CONVERSION = YES;
				CLANG_WARN_INFINITE_RECURSION = YES;
				CLANG_WARN_INT_CONVERSION = YES;
				CLANG_WARN_NON_LITERAL_NULL_CONVERSION = YES;
				CLANG_WARN_OBJC_IMPLICIT_RETAIN_SELF = YES;
				CLANG_WARN_OBJC_LITERAL_CONVERSION = YES;
				CLANG_WARN_OBJC_ROOT_CLASS = YES_ERROR;
				CLANG_WARN_QUOTED_INCLUDE_IN_FRAMEWORK_HEADER = YES;
				CLANG_WARN_RANGE_LOOP_ANALYSIS = YES;
				CLANG_WARN_STRICT_PROTOTYPES = YES;
				CLANG_WARN_SUSPICIOUS_MOVE = YES;
				CLANG_WARN_UNGUARDED_AVAILABILITY = YES_AGGRESSIVE;
				CLANG_WARN_UNREACHABLE_CODE = YES;
				CLANG_WARN__DUPLICATE_METHOD_MATCH = YES;
				COPY_PHASE_STRIP = NO;
				DEBUG_INFORMATION_FORMAT = "dwarf-with-dsym";
				ENABLE_NS_ASSERTIONS = NO;
				ENABLE_STRICT_OBJC_MSGSEND = YES;
				GCC_C_LANGUAGE_STANDARD = gnu11;
				GCC_NO_COMMON_BLOCKS = YES;
				GCC_WARN_64_TO_32_BIT_CONVERSION = YES;
				GCC_WARN_ABOUT_RETURN_TYPE = YES_ERROR;
				GCC_WARN_UNDECLARED_SELECTOR = YES;
				GCC_WARN_UNINITIALIZED_AUTOS = YES_AGGRESSIVE;
				GCC_WARN_UNUSED_FUNCTION = YES;
				GCC_WARN_UNUSED_VARIABLE = YES;
				IPHONEOS_DEPLOYMENT_TARGET = 16.0;
				MTL_ENABLE_DEBUG_INFO = NO;
				MTL_FAST_MATH = YES;
				SDKROOT = iphoneos;
				SWIFT_COMPILATION_MODE = wholemodule;
				SWIFT_OPTIMIZATION_LEVEL = "-O";
				VALIDATE_PRODUCT = YES;
			};
			name = Release;
		};
		487B7F9529B351B7000CEADA /* Debug */ = {
			isa = XCBuildConfiguration;
			buildSettings = {
				ASSETCATALOG_COMPILER_APPICON_NAME = AppIcon;
				ASSETCATALOG_COMPILER_GLOBAL_ACCENT_COLOR_NAME = AccentColor;
				CODE_SIGN_STYLE = Automatic;
				CURRENT_PROJECT_VERSION = 1;
				DEVELOPMENT_TEAM = 266PG3Y4ZZ;
				GENERATE_INFOPLIST_FILE = YES;
				INFOPLIST_FILE = OnboardingScreenApp/Info.plist;
				INFOPLIST_KEY_UIApplicationSupportsIndirectInputEvents = YES;
				INFOPLIST_KEY_UILaunchStoryboardName = LaunchScreen;
				INFOPLIST_KEY_UIMainStoryboardFile = Main;
				INFOPLIST_KEY_UISupportedInterfaceOrientations_iPad = "UIInterfaceOrientationPortrait UIInterfaceOrientationPortraitUpsideDown UIInterfaceOrientationLandscapeLeft UIInterfaceOrientationLandscapeRight";
				INFOPLIST_KEY_UISupportedInterfaceOrientations_iPhone = "UIInterfaceOrientationPortrait UIInterfaceOrientationLandscapeLeft UIInterfaceOrientationLandscapeRight";
				LD_RUNPATH_SEARCH_PATHS = (
					"$(inherited)",
					"@executable_path/Frameworks",
				);
				MARKETING_VERSION = 1.0;
				PRODUCT_BUNDLE_IDENTIFIER = com.aykhanhajiyev.OnboardingScreenApp;
				PRODUCT_NAME = "$(TARGET_NAME)";
				SWIFT_EMIT_LOC_STRINGS = YES;
				SWIFT_VERSION = 5.0;
				TARGETED_DEVICE_FAMILY = "1,2";
			};
			name = Debug;
		};
		487B7F9629B351B7000CEADA /* Release */ = {
			isa = XCBuildConfiguration;
			buildSettings = {
				ASSETCATALOG_COMPILER_APPICON_NAME = AppIcon;
				ASSETCATALOG_COMPILER_GLOBAL_ACCENT_COLOR_NAME = AccentColor;
				CODE_SIGN_STYLE = Automatic;
				CURRENT_PROJECT_VERSION = 1;
				DEVELOPMENT_TEAM = 266PG3Y4ZZ;
				GENERATE_INFOPLIST_FILE = YES;
				INFOPLIST_FILE = OnboardingScreenApp/Info.plist;
				INFOPLIST_KEY_UIApplicationSupportsIndirectInputEvents = YES;
				INFOPLIST_KEY_UILaunchStoryboardName = LaunchScreen;
				INFOPLIST_KEY_UIMainStoryboardFile = Main;
				INFOPLIST_KEY_UISupportedInterfaceOrientations_iPad = "UIInterfaceOrientationPortrait UIInterfaceOrientationPortraitUpsideDown UIInterfaceOrientationLandscapeLeft UIInterfaceOrientationLandscapeRight";
				INFOPLIST_KEY_UISupportedInterfaceOrientations_iPhone = "UIInterfaceOrientationPortrait UIInterfaceOrientationLandscapeLeft UIInterfaceOrientationLandscapeRight";
				LD_RUNPATH_SEARCH_PATHS = (
					"$(inherited)",
					"@executable_path/Frameworks",
				);
				MARKETING_VERSION = 1.0;
				PRODUCT_BUNDLE_IDENTIFIER = com.aykhanhajiyev.OnboardingScreenApp;
				PRODUCT_NAME = "$(TARGET_NAME)";
				SWIFT_EMIT_LOC_STRINGS = YES;
				SWIFT_VERSION = 5.0;
				TARGETED_DEVICE_FAMILY = "1,2";
			};
			name = Release;
		};
/* End XCBuildConfiguration section */

/* Begin XCConfigurationList section */
		487B7F7B29B351B5000CEADA /* Build configuration list for PBXProject "OnboardingScreenApp" */ = {
			isa = XCConfigurationList;
			buildConfigurations = (
				487B7F9229B351B7000CEADA /* Debug */,
				487B7F9329B351B7000CEADA /* Release */,
			);
			defaultConfigurationIsVisible = 0;
			defaultConfigurationName = Release;
		};
		487B7F9429B351B7000CEADA /* Build configuration list for PBXNativeTarget "OnboardingScreenApp" */ = {
			isa = XCConfigurationList;
			buildConfigurations = (
				487B7F9529B351B7000CEADA /* Debug */,
				487B7F9629B351B7000CEADA /* Release */,
			);
			defaultConfigurationIsVisible = 0;
			defaultConfigurationName = Release;
		};
/* End XCConfigurationList section */
	};
	rootObject = 487B7F7829B351B5000CEADA /* Project object */;
}
